{
	"name": "petzl",
	"version": "1.1.0",
	"lockfileVersion": 2,
	"requires": true,
	"packages": {
		"": {
			"version": "1.1.0",
			"license": "ISC",
			"bin": {
				"petzl": "petzl.js"
			},
			"devDependencies": {
				"@types/node": "^14.14.9",
				"@types/sinon": "^9.0.9",
				"@types/table": "^6.0.0",
				"sinon": "^9.2.1",
				"ts-node": "^9.0.0",
				"typescript": "^4.1.2"
			}
		},
		"node_modules/@sinonjs/commons": {
			"version": "1.8.1",
			"resolved": "https://registry.npmjs.org/@sinonjs/commons/-/commons-1.8.1.tgz",
			"integrity": "sha512-892K+kWUUi3cl+LlqEWIDrhvLgdL79tECi8JZUyq6IviKy/DNhuzCRlbHUjxK89f4ypPMMaFnFuR9Ie6DoIMsw==",
			"dev": true,
			"dependencies": {
				"type-detect": "4.0.8"
			}
		},
		"node_modules/@sinonjs/fake-timers": {
			"version": "6.0.1",
			"resolved": "https://registry.npmjs.org/@sinonjs/fake-timers/-/fake-timers-6.0.1.tgz",
			"integrity": "sha512-MZPUxrmFubI36XS1DI3qmI0YdN1gks62JtFZvxR67ljjSNCeK6U08Zx4msEWOXuofgqUt6zPHSi1H9fbjR/NRA==",
			"dev": true,
			"dependencies": {
				"@sinonjs/commons": "^1.7.0"
			}
		},
		"node_modules/@sinonjs/formatio": {
			"version": "5.0.1",
			"resolved": "https://registry.npmjs.org/@sinonjs/formatio/-/formatio-5.0.1.tgz",
			"integrity": "sha512-KaiQ5pBf1MpS09MuA0kp6KBQt2JUOQycqVG1NZXvzeaXe5LGFqAKueIS0bw4w0P9r7KuBSVdUk5QjXsUdu2CxQ==",
			"dev": true,
			"dependencies": {
				"@sinonjs/commons": "^1",
				"@sinonjs/samsam": "^5.0.2"
			}
		},
		"node_modules/@sinonjs/samsam": {
			"version": "5.3.0",
			"resolved": "https://registry.npmjs.org/@sinonjs/samsam/-/samsam-5.3.0.tgz",
			"integrity": "sha512-hXpcfx3aq+ETVBwPlRFICld5EnrkexXuXDwqUNhDdr5L8VjvMeSRwyOa0qL7XFmR+jVWR4rUZtnxlG7RX72sBg==",
			"dev": true,
			"dependencies": {
				"@sinonjs/commons": "^1.6.0",
				"lodash.get": "^4.4.2",
				"type-detect": "^4.0.8"
			}
		},
		"node_modules/@sinonjs/text-encoding": {
			"version": "0.7.1",
			"resolved": "https://registry.npmjs.org/@sinonjs/text-encoding/-/text-encoding-0.7.1.tgz",
			"integrity": "sha512-+iTbntw2IZPb/anVDbypzfQa+ay64MW0Zo8aJ8gZPWMMK6/OubMVb6lUPMagqjOPnmtauXnFCACVl3O7ogjeqQ==",
			"dev": true
		},
		"node_modules/@types/node": {
			"version": "14.14.9",
			"resolved": "https://registry.npmjs.org/@types/node/-/node-14.14.9.tgz",
			"integrity": "sha512-JsoLXFppG62tWTklIoO4knA+oDTYsmqWxHRvd4lpmfQRNhX6osheUOWETP2jMoV/2bEHuMra8Pp3Dmo/stBFcw==",
			"dev": true
		},
		"node_modules/@types/sinon": {
			"version": "9.0.9",
			"resolved": "https://registry.npmjs.org/@types/sinon/-/sinon-9.0.9.tgz",
			"integrity": "sha512-z/y8maYOQyYLyqaOB+dYQ6i0pxKLOsfwCmHmn4T7jS/SDHicIslr37oE3Dg8SCqKrKeBy6Lemu7do2yy+unLrw==",
			"dev": true,
			"dependencies": {
				"@types/sinonjs__fake-timers": "*"
			}
		},
		"node_modules/@types/sinonjs__fake-timers": {
			"version": "6.0.2",
			"resolved": "https://registry.npmjs.org/@types/sinonjs__fake-timers/-/sinonjs__fake-timers-6.0.2.tgz",
			"integrity": "sha512-dIPoZ3g5gcx9zZEszaxLSVTvMReD3xxyyDnQUjA6IYDG9Ba2AV0otMPs+77sG9ojB4Qr2N2Vk5RnKeuA0X/0bg==",
			"dev": true
		},
		"node_modules/@types/table": {
			"version": "6.0.0",
			"resolved": "https://registry.npmjs.org/@types/table/-/table-6.0.0.tgz",
			"integrity": "sha512-RSmRiYetRzpcZcgNo4x6C1VSsPGBHCGGDO7Rbnz5esVLbGONxBP1CUcn8JhAkVzUVLO+AY8yOSkb27jvfauLyg==",
			"dev": true
		},
		"node_modules/arg": {
			"version": "4.1.3",
			"resolved": "https://registry.npmjs.org/arg/-/arg-4.1.3.tgz",
			"integrity": "sha512-58S9QDqG0Xx27YwPSt9fJxivjYl432YCwfDMfZ+71RAqUrZef7LrKQZ3LHLOwCS4FLNBplP533Zx895SeOCHvA==",
			"dev": true
		},
		"node_modules/buffer-from": {
			"version": "1.1.1",
			"resolved": "https://registry.npmjs.org/buffer-from/-/buffer-from-1.1.1.tgz",
			"integrity": "sha512-MQcXEUbCKtEo7bhqEs6560Hyd4XaovZlO/k9V3hjVUF/zwW7KBVdSK4gIt/bzwS9MbR5qob+F5jusZsb0YQK2A==",
			"dev": true
		},
		"node_modules/diff": {
			"version": "4.0.2",
			"resolved": "https://registry.npmjs.org/diff/-/diff-4.0.2.tgz",
			"integrity": "sha512-58lmxKSA4BNyLz+HHMUzlOEpg09FV+ev6ZMe3vJihgdxzgcwZ8VoEEPmALCZG9LmqfVoNMMKpttIYTVG6uDY7A==",
			"dev": true,
			"engines": {
				"node": ">=0.3.1"
			}
		},
		"node_modules/has-flag": {
			"version": "4.0.0",
			"resolved": "https://registry.npmjs.org/has-flag/-/has-flag-4.0.0.tgz",
			"integrity": "sha512-EykJT/Q1KjTWctppgIAgfSO0tKVuZUjhgMr17kqTumMl6Afv3EISleU7qZUzoXDFTAHTDC4NOoG/ZxU3EvlMPQ==",
			"dev": true,
			"engines": {
				"node": ">=8"
			}
		},
		"node_modules/isarray": {
			"version": "0.0.1",
			"resolved": "https://registry.npmjs.org/isarray/-/isarray-0.0.1.tgz",
			"integrity": "sha1-ihis/Kmo9Bd+Cav8YDiTmwXR7t8=",
			"dev": true
		},
		"node_modules/just-extend": {
			"version": "4.1.1",
			"resolved": "https://registry.npmjs.org/just-extend/-/just-extend-4.1.1.tgz",
			"integrity": "sha512-aWgeGFW67BP3e5181Ep1Fv2v8z//iBJfrvyTnq8wG86vEESwmonn1zPBJ0VfmT9CJq2FIT0VsETtrNFm2a+SHA==",
			"dev": true
		},
		"node_modules/lodash.get": {
			"version": "4.4.2",
			"resolved": "https://registry.npmjs.org/lodash.get/-/lodash.get-4.4.2.tgz",
			"integrity": "sha1-LRd/ZS+jHpObRDjVNBSZ36OCXpk=",
			"dev": true
		},
		"node_modules/make-error": {
			"version": "1.3.6",
			"resolved": "https://registry.npmjs.org/make-error/-/make-error-1.3.6.tgz",
			"integrity": "sha512-s8UhlNe7vPKomQhC1qFelMokr/Sc3AgNbso3n74mVPA5LTZwkB9NlXf4XPamLxJE8h0gh73rM94xvwRT2CVInw==",
			"dev": true
		},
		"node_modules/nise": {
			"version": "4.0.4",
			"resolved": "https://registry.npmjs.org/nise/-/nise-4.0.4.tgz",
			"integrity": "sha512-bTTRUNlemx6deJa+ZyoCUTRvH3liK5+N6VQZ4NIw90AgDXY6iPnsqplNFf6STcj+ePk0H/xqxnP75Lr0J0Fq3A==",
			"dev": true,
			"dependencies": {
				"@sinonjs/commons": "^1.7.0",
				"@sinonjs/fake-timers": "^6.0.0",
				"@sinonjs/text-encoding": "^0.7.1",
				"just-extend": "^4.0.2",
				"path-to-regexp": "^1.7.0"
			}
		},
		"node_modules/path-to-regexp": {
			"version": "1.8.0",
			"resolved": "https://registry.npmjs.org/path-to-regexp/-/path-to-regexp-1.8.0.tgz",
			"integrity": "sha512-n43JRhlUKUAlibEJhPeir1ncUID16QnEjNpwzNdO3Lm4ywrBpBZ5oLD0I6br9evr1Y9JTqwRtAh7JLoOzAQdVA==",
			"dev": true,
			"dependencies": {
				"isarray": "0.0.1"
			}
		},
		"node_modules/sinon": {
			"version": "9.2.1",
			"resolved": "https://registry.npmjs.org/sinon/-/sinon-9.2.1.tgz",
			"integrity": "sha512-naPfsamB5KEE1aiioaoqJ6MEhdUs/2vtI5w1hPAXX/UwvoPjXcwh1m5HiKx0HGgKR8lQSoFIgY5jM6KK8VrS9w==",
			"dev": true,
			"dependencies": {
				"@sinonjs/commons": "^1.8.1",
				"@sinonjs/fake-timers": "^6.0.1",
				"@sinonjs/formatio": "^5.0.1",
				"@sinonjs/samsam": "^5.2.0",
				"diff": "^4.0.2",
				"nise": "^4.0.4",
				"supports-color": "^7.1.0"
			},
			"funding": {
				"type": "opencollective",
				"url": "https://opencollective.com/sinon"
			}
		},
		"node_modules/source-map": {
			"version": "0.6.1",
			"resolved": "https://registry.npmjs.org/source-map/-/source-map-0.6.1.tgz",
			"integrity": "sha512-UjgapumWlbMhkBgzT7Ykc5YXUT46F0iKu8SGXq0bcwP5dz/h0Plj6enJqjz1Zbq2l5WaqYnrVbwWOWMyF3F47g==",
			"dev": true,
			"engines": {
				"node": ">=0.10.0"
			}
		},
		"node_modules/source-map-support": {
			"version": "0.5.19",
			"resolved": "https://registry.npmjs.org/source-map-support/-/source-map-support-0.5.19.tgz",
			"integrity": "sha512-Wonm7zOCIJzBGQdB+thsPar0kYuCIzYvxZwlBa87yi/Mdjv7Tip2cyVbLj5o0cFPN4EVkuTwb3GDDyUx2DGnGw==",
			"dev": true,
			"dependencies": {
				"buffer-from": "^1.0.0",
				"source-map": "^0.6.0"
			}
		},
		"node_modules/supports-color": {
			"version": "7.2.0",
			"resolved": "https://registry.npmjs.org/supports-color/-/supports-color-7.2.0.tgz",
			"integrity": "sha512-qpCAvRl9stuOHveKsn7HncJRvv501qIacKzQlO/+Lwxc9+0q2wLyv4Dfvt80/DPn2pqOBsJdDiogXGR9+OvwRw==",
			"dev": true,
			"dependencies": {
				"has-flag": "^4.0.0"
			},
			"engines": {
				"node": ">=8"
			}
		},
		"node_modules/ts-node": {
			"version": "9.0.0",
			"resolved": "https://registry.npmjs.org/ts-node/-/ts-node-9.0.0.tgz",
			"integrity": "sha512-/TqB4SnererCDR/vb4S/QvSZvzQMJN8daAslg7MeaiHvD8rDZsSfXmNeNumyZZzMned72Xoq/isQljYSt8Ynfg==",
			"dev": true,
			"dependencies": {
				"arg": "^4.1.0",
				"diff": "^4.0.1",
				"make-error": "^1.1.1",
				"source-map-support": "^0.5.17",
				"yn": "3.1.1"
			},
			"bin": {
				"ts-node": "dist/bin.js",
				"ts-node-script": "dist/bin-script.js",
				"ts-node-transpile-only": "dist/bin-transpile.js",
				"ts-script": "dist/bin-script-deprecated.js"
			},
			"engines": {
				"node": ">=10.0.0"
			},
			"peerDependencies": {
				"typescript": ">=2.7"
			}
		},
		"node_modules/type-detect": {
			"version": "4.0.8",
			"resolved": "https://registry.npmjs.org/type-detect/-/type-detect-4.0.8.tgz",
			"integrity": "sha512-0fr/mIH1dlO+x7TlcMy+bIDqKPsw/70tVyeHW787goQjhmqaZe10uwLujubK9q9Lg6Fiho1KUKDYz0Z7k7g5/g==",
			"dev": true,
			"engines": {
				"node": ">=4"
			}
		},
		"node_modules/typescript": {
			"version": "4.1.2",
			"resolved": "https://registry.npmjs.org/typescript/-/typescript-4.1.2.tgz",
			"integrity": "sha512-thGloWsGH3SOxv1SoY7QojKi0tc+8FnOmiarEGMbd/lar7QOEd3hvlx3Fp5y6FlDUGl9L+pd4n2e+oToGMmhRQ==",
			"dev": true,
			"bin": {
				"tsc": "bin/tsc",
				"tsserver": "bin/tsserver"
			},
			"engines": {
				"node": ">=4.2.0"
			}
		},
		"node_modules/yn": {
			"version": "3.1.1",
			"resolved": "https://registry.npmjs.org/yn/-/yn-3.1.1.tgz",
			"integrity": "sha512-Ux4ygGWsu2c7isFWe8Yu1YluJmqVhxqK2cLXNQA5AcC3QfbGNpM7fu0Y8b/z16pXLnFxZYvWhd3fhBY9DLmC6Q==",
			"dev": true,
			"engines": {
				"node": ">=6"
			}
		}
	},
	"dependencies": {
		"@sinonjs/commons": {
			"version": "1.8.1",
			"resolved": "https://registry.npmjs.org/@sinonjs/commons/-/commons-1.8.1.tgz",
			"integrity": "sha512-892K+kWUUi3cl+LlqEWIDrhvLgdL79tECi8JZUyq6IviKy/DNhuzCRlbHUjxK89f4ypPMMaFnFuR9Ie6DoIMsw==",
			"dev": true,
			"requires": {
				"type-detect": "4.0.8"
			}
		},
		"@sinonjs/fake-timers": {
			"version": "6.0.1",
			"resolved": "https://registry.npmjs.org/@sinonjs/fake-timers/-/fake-timers-6.0.1.tgz",
			"integrity": "sha512-MZPUxrmFubI36XS1DI3qmI0YdN1gks62JtFZvxR67ljjSNCeK6U08Zx4msEWOXuofgqUt6zPHSi1H9fbjR/NRA==",
			"dev": true,
			"requires": {
				"@sinonjs/commons": "^1.7.0"
			}
		},
		"@sinonjs/formatio": {
			"version": "5.0.1",
			"resolved": "https://registry.npmjs.org/@sinonjs/formatio/-/formatio-5.0.1.tgz",
			"integrity": "sha512-KaiQ5pBf1MpS09MuA0kp6KBQt2JUOQycqVG1NZXvzeaXe5LGFqAKueIS0bw4w0P9r7KuBSVdUk5QjXsUdu2CxQ==",
			"dev": true,
			"requires": {
				"@sinonjs/commons": "^1",
				"@sinonjs/samsam": "^5.0.2"
			}
		},
		"@sinonjs/samsam": {
			"version": "5.3.0",
			"resolved": "https://registry.npmjs.org/@sinonjs/samsam/-/samsam-5.3.0.tgz",
			"integrity": "sha512-hXpcfx3aq+ETVBwPlRFICld5EnrkexXuXDwqUNhDdr5L8VjvMeSRwyOa0qL7XFmR+jVWR4rUZtnxlG7RX72sBg==",
			"dev": true,
			"requires": {
				"@sinonjs/commons": "^1.6.0",
				"lodash.get": "^4.4.2",
				"type-detect": "^4.0.8"
			}
		},
		"@sinonjs/text-encoding": {
			"version": "0.7.1",
			"resolved": "https://registry.npmjs.org/@sinonjs/text-encoding/-/text-encoding-0.7.1.tgz",
			"integrity": "sha512-+iTbntw2IZPb/anVDbypzfQa+ay64MW0Zo8aJ8gZPWMMK6/OubMVb6lUPMagqjOPnmtauXnFCACVl3O7ogjeqQ==",
			"dev": true
		},
		"@types/node": {
			"version": "14.14.9",
			"resolved": "https://registry.npmjs.org/@types/node/-/node-14.14.9.tgz",
			"integrity": "sha512-JsoLXFppG62tWTklIoO4knA+oDTYsmqWxHRvd4lpmfQRNhX6osheUOWETP2jMoV/2bEHuMra8Pp3Dmo/stBFcw==",
			"dev": true
		},
		"@types/sinon": {
			"version": "9.0.9",
			"resolved": "https://registry.npmjs.org/@types/sinon/-/sinon-9.0.9.tgz",
			"integrity": "sha512-z/y8maYOQyYLyqaOB+dYQ6i0pxKLOsfwCmHmn4T7jS/SDHicIslr37oE3Dg8SCqKrKeBy6Lemu7do2yy+unLrw==",
			"dev": true,
			"requires": {
				"@types/sinonjs__fake-timers": "*"
			}
		},
		"@types/sinonjs__fake-timers": {
			"version": "6.0.2",
			"resolved": "https://registry.npmjs.org/@types/sinonjs__fake-timers/-/sinonjs__fake-timers-6.0.2.tgz",
			"integrity": "sha512-dIPoZ3g5gcx9zZEszaxLSVTvMReD3xxyyDnQUjA6IYDG9Ba2AV0otMPs+77sG9ojB4Qr2N2Vk5RnKeuA0X/0bg==",
			"dev": true
		},
		"@types/table": {
			"version": "6.0.0",
			"resolved": "https://registry.npmjs.org/@types/table/-/table-6.0.0.tgz",
			"integrity": "sha512-RSmRiYetRzpcZcgNo4x6C1VSsPGBHCGGDO7Rbnz5esVLbGONxBP1CUcn8JhAkVzUVLO+AY8yOSkb27jvfauLyg==",
			"dev": true
		},
		"arg": {
			"version": "4.1.3",
			"resolved": "https://registry.npmjs.org/arg/-/arg-4.1.3.tgz",
			"integrity": "sha512-58S9QDqG0Xx27YwPSt9fJxivjYl432YCwfDMfZ+71RAqUrZef7LrKQZ3LHLOwCS4FLNBplP533Zx895SeOCHvA==",
			"dev": true
		},
		"buffer-from": {
			"version": "1.1.1",
			"resolved": "https://registry.npmjs.org/buffer-from/-/buffer-from-1.1.1.tgz",
			"integrity": "sha512-MQcXEUbCKtEo7bhqEs6560Hyd4XaovZlO/k9V3hjVUF/zwW7KBVdSK4gIt/bzwS9MbR5qob+F5jusZsb0YQK2A==",
			"dev": true
		},
		"diff": {
			"version": "4.0.2",
			"resolved": "https://registry.npmjs.org/diff/-/diff-4.0.2.tgz",
			"integrity": "sha512-58lmxKSA4BNyLz+HHMUzlOEpg09FV+ev6ZMe3vJihgdxzgcwZ8VoEEPmALCZG9LmqfVoNMMKpttIYTVG6uDY7A==",
			"dev": true
		},
		"has-flag": {
			"version": "4.0.0",
			"resolved": "https://registry.npmjs.org/has-flag/-/has-flag-4.0.0.tgz",
			"integrity": "sha512-EykJT/Q1KjTWctppgIAgfSO0tKVuZUjhgMr17kqTumMl6Afv3EISleU7qZUzoXDFTAHTDC4NOoG/ZxU3EvlMPQ==",
			"dev": true
		},
		"isarray": {
			"version": "0.0.1",
			"resolved": "https://registry.npmjs.org/isarray/-/isarray-0.0.1.tgz",
			"integrity": "sha1-ihis/Kmo9Bd+Cav8YDiTmwXR7t8=",
			"dev": true
		},
		"just-extend": {
			"version": "4.1.1",
			"resolved": "https://registry.npmjs.org/just-extend/-/just-extend-4.1.1.tgz",
			"integrity": "sha512-aWgeGFW67BP3e5181Ep1Fv2v8z//iBJfrvyTnq8wG86vEESwmonn1zPBJ0VfmT9CJq2FIT0VsETtrNFm2a+SHA==",
			"dev": true
		},
		"lodash.get": {
			"version": "4.4.2",
			"resolved": "https://registry.npmjs.org/lodash.get/-/lodash.get-4.4.2.tgz",
			"integrity": "sha1-LRd/ZS+jHpObRDjVNBSZ36OCXpk=",
			"dev": true
		},
		"make-error": {
			"version": "1.3.6",
			"resolved": "https://registry.npmjs.org/make-error/-/make-error-1.3.6.tgz",
			"integrity": "sha512-s8UhlNe7vPKomQhC1qFelMokr/Sc3AgNbso3n74mVPA5LTZwkB9NlXf4XPamLxJE8h0gh73rM94xvwRT2CVInw==",
			"dev": true
		},
		"nise": {
			"version": "4.0.4",
			"resolved": "https://registry.npmjs.org/nise/-/nise-4.0.4.tgz",
			"integrity": "sha512-bTTRUNlemx6deJa+ZyoCUTRvH3liK5+N6VQZ4NIw90AgDXY6iPnsqplNFf6STcj+ePk0H/xqxnP75Lr0J0Fq3A==",
			"dev": true,
			"requires": {
				"@sinonjs/commons": "^1.7.0",
				"@sinonjs/fake-timers": "^6.0.0",
				"@sinonjs/text-encoding": "^0.7.1",
				"just-extend": "^4.0.2",
				"path-to-regexp": "^1.7.0"
			}
		},
		"path-to-regexp": {
			"version": "1.8.0",
			"resolved": "https://registry.npmjs.org/path-to-regexp/-/path-to-regexp-1.8.0.tgz",
			"integrity": "sha512-n43JRhlUKUAlibEJhPeir1ncUID16QnEjNpwzNdO3Lm4ywrBpBZ5oLD0I6br9evr1Y9JTqwRtAh7JLoOzAQdVA==",
			"dev": true,
			"requires": {
				"isarray": "0.0.1"
			}
		},
		"sinon": {
			"version": "9.2.1",
			"resolved": "https://registry.npmjs.org/sinon/-/sinon-9.2.1.tgz",
			"integrity": "sha512-naPfsamB5KEE1aiioaoqJ6MEhdUs/2vtI5w1hPAXX/UwvoPjXcwh1m5HiKx0HGgKR8lQSoFIgY5jM6KK8VrS9w==",
			"dev": true,
			"requires": {
				"@sinonjs/commons": "^1.8.1",
				"@sinonjs/fake-timers": "^6.0.1",
				"@sinonjs/formatio": "^5.0.1",
				"@sinonjs/samsam": "^5.2.0",
				"diff": "^4.0.2",
				"nise": "^4.0.4",
				"supports-color": "^7.1.0"
			}
		},
		"source-map": {
			"version": "0.6.1",
			"resolved": "https://registry.npmjs.org/source-map/-/source-map-0.6.1.tgz",
			"integrity": "sha512-UjgapumWlbMhkBgzT7Ykc5YXUT46F0iKu8SGXq0bcwP5dz/h0Plj6enJqjz1Zbq2l5WaqYnrVbwWOWMyF3F47g==",
			"dev": true
		},
		"source-map-support": {
			"version": "0.5.19",
			"resolved": "https://registry.npmjs.org/source-map-support/-/source-map-support-0.5.19.tgz",
			"integrity": "sha512-Wonm7zOCIJzBGQdB+thsPar0kYuCIzYvxZwlBa87yi/Mdjv7Tip2cyVbLj5o0cFPN4EVkuTwb3GDDyUx2DGnGw==",
			"dev": true,
			"requires": {
				"buffer-from": "^1.0.0",
				"source-map": "^0.6.0"
			}
		},
		"supports-color": {
			"version": "7.2.0",
			"resolved": "https://registry.npmjs.org/supports-color/-/supports-color-7.2.0.tgz",
			"integrity": "sha512-qpCAvRl9stuOHveKsn7HncJRvv501qIacKzQlO/+Lwxc9+0q2wLyv4Dfvt80/DPn2pqOBsJdDiogXGR9+OvwRw==",
			"dev": true,
			"requires": {
				"has-flag": "^4.0.0"
			}
		},
		"ts-node": {
			"version": "9.0.0",
			"resolved": "https://registry.npmjs.org/ts-node/-/ts-node-9.0.0.tgz",
			"integrity": "sha512-/TqB4SnererCDR/vb4S/QvSZvzQMJN8daAslg7MeaiHvD8rDZsSfXmNeNumyZZzMned72Xoq/isQljYSt8Ynfg==",
			"dev": true,
			"requires": {
				"arg": "^4.1.0",
				"diff": "^4.0.1",
				"make-error": "^1.1.1",
				"source-map-support": "^0.5.17",
				"yn": "3.1.1"
			}
		},
		"type-detect": {
			"version": "4.0.8",
			"resolved": "https://registry.npmjs.org/type-detect/-/type-detect-4.0.8.tgz",
			"integrity": "sha512-0fr/mIH1dlO+x7TlcMy+bIDqKPsw/70tVyeHW787goQjhmqaZe10uwLujubK9q9Lg6Fiho1KUKDYz0Z7k7g5/g==",
			"dev": true
		},
		"typescript": {
			"version": "4.1.2",
			"resolved": "https://registry.npmjs.org/typescript/-/typescript-4.1.2.tgz",
			"integrity": "sha512-thGloWsGH3SOxv1SoY7QojKi0tc+8FnOmiarEGMbd/lar7QOEd3hvlx3Fp5y6FlDUGl9L+pd4n2e+oToGMmhRQ==",
			"dev": true
		},
		"yn": {
			"version": "3.1.1",
			"resolved": "https://registry.npmjs.org/yn/-/yn-3.1.1.tgz",
			"integrity": "sha512-Ux4ygGWsu2c7isFWe8Yu1YluJmqVhxqK2cLXNQA5AcC3QfbGNpM7fu0Y8b/z16pXLnFxZYvWhd3fhBY9DLmC6Q==",
			"dev": true
		}
	}
}
